{
  "name": "@mousetool/mousebase",
  "version": "1.0.5",
  "lockfileVersion": 2,
  "requires": true,
  "packages": {
    "": {
      "name": "@mousetool/mousebase",
      "version": "1.0.5",
      "license": "MIT",
      "dependencies": {
        "@mousetool/class": "^1.0.1",
        "@mousetool/linkedlist": "^1.0.5",
        "@mousetool/nickname801": "^1.0.0"
      },
      "devDependencies": {
        "@mousetool/tfm-vscode": "^1.0.1"
      }
    },
    "node_modules/@mousetool/class": {
      "version": "1.0.1",
      "resolved": "https://npm.pkg.github.com/download/@mousetool/class/1.0.1/6c327ef42b10d4d3ae5d4dbfa781926d165ca664154c2c7a231cee3e88631559",
      "integrity": "sha512-xySgNeqefYryp3EPmnQXOCpaY1ptomGWzYJjcAV0ztYZNlV2ry8XRyeZ5fU0LvGy0dnoZs3awzwnOApO1PgQ9A==",
      "license": "MIT"
    },
    "node_modules/@mousetool/linkedlist": {
      "version": "1.0.5",
      "resolved": "https://npm.pkg.github.com/download/@mousetool/linkedlist/1.0.5/f1d66e7d69ff233fc1ff4b7c20c82268445d5f29bc1aeaa8af25002b89cc6d85",
      "integrity": "sha512-vkU9SUupGrvZ8Kek5+HpdMN8KWdlXw8BA09p9f1Tn7ZdHjrArFKqjye5GOc5KvmOa76Wt8gEQBhr7HrH99yevw==",
      "license": "MIT"
    },
    "node_modules/@mousetool/nickname801": {
      "version": "1.0.0",
      "resolved": "https://npm.pkg.github.com/download/@mousetool/nickname801/1.0.0/a06105faaee6534248bfd796ad06c22e16429c6a5d71467438ecebc202664520",
      "integrity": "sha512-wwdXGm7s0SwR+vq3OHLaWtAIXJasJfFImlqQTpNYW7ZJTjWNN8ePCqIEEqYDzIJX2v41EdLyWOtkefSs57/FTw==",
      "license": "MIT"
    },
    "node_modules/@mousetool/tfm-vscode": {
      "version": "1.0.1",
      "resolved": "https://npm.pkg.github.com/download/@mousetool/tfm-vscode/1.0.1/56cae670a0515ce52eb49d3a2b88734a94e41efcc40f361da96f230eb3eddbae",
      "integrity": "sha512-gUydKCaQ+Vs8vSMVsVkg1/aSBN2UC5ZB95I9CSO4EC6QL0g/TXlUDLfUBuc1EV/H2BYa9PyutTMlowofykastg==",
      "dev": true,
      "license": "MIT"
    }
  },
  "dependencies": {
    "@mousetool/class": {
      "version": "1.0.1",
      "resolved": "https://npm.pkg.github.com/download/@mousetool/class/1.0.1/6c327ef42b10d4d3ae5d4dbfa781926d165ca664154c2c7a231cee3e88631559",
      "integrity": "sha512-xySgNeqefYryp3EPmnQXOCpaY1ptomGWzYJjcAV0ztYZNlV2ry8XRyeZ5fU0LvGy0dnoZs3awzwnOApO1PgQ9A=="
    },
    "@mousetool/linkedlist": {
      "version": "1.0.5",
      "resolved": "https://npm.pkg.github.com/download/@mousetool/linkedlist/1.0.5/f1d66e7d69ff233fc1ff4b7c20c82268445d5f29bc1aeaa8af25002b89cc6d85",
      "integrity": "sha512-vkU9SUupGrvZ8Kek5+HpdMN8KWdlXw8BA09p9f1Tn7ZdHjrArFKqjye5GOc5KvmOa76Wt8gEQBhr7HrH99yevw=="
    },
    "@mousetool/nickname801": {
      "version": "1.0.0",
      "resolved": "https://npm.pkg.github.com/download/@mousetool/nickname801/1.0.0/a06105faaee6534248bfd796ad06c22e16429c6a5d71467438ecebc202664520",
      "integrity": "sha512-wwdXGm7s0SwR+vq3OHLaWtAIXJasJfFImlqQTpNYW7ZJTjWNN8ePCqIEEqYDzIJX2v41EdLyWOtkefSs57/FTw=="
    },
    "@mousetool/tfm-vscode": {
      "version": "1.0.1",
      "resolved": "https://npm.pkg.github.com/download/@mousetool/tfm-vscode/1.0.1/56cae670a0515ce52eb49d3a2b88734a94e41efcc40f361da96f230eb3eddbae",
      "integrity": "sha512-gUydKCaQ+Vs8vSMVsVkg1/aSBN2UC5ZB95I9CSO4EC6QL0g/TXlUDLfUBuc1EV/H2BYa9PyutTMlowofykastg==",
      "dev": true
    }
  }
}
