{
  "name": "@mousetool/mousebase",
  "version": "1.1.0",
  "lockfileVersion": 2,
  "requires": true,
  "packages": {
    "": {
      "name": "@mousetool/mousebase",
      "version": "1.1.0",
      "license": "MIT",
      "dependencies": {
        "@mousetool/class": "^1.0.1",
        "@mousetool/nickname801": "^1.0.0"
      },
      "devDependencies": {
        "@mousetool/tfm-vscode": "^2.0.0"
      }
    },
    "node_modules/@mousetool/class": {
      "version": "1.0.1",
      "resolved": "https://npm.pkg.github.com/download/@mousetool/class/1.0.1/6c327ef42b10d4d3ae5d4dbfa781926d165ca664154c2c7a231cee3e88631559",
      "integrity": "sha512-xySgNeqefYryp3EPmnQXOCpaY1ptomGWzYJjcAV0ztYZNlV2ry8XRyeZ5fU0LvGy0dnoZs3awzwnOApO1PgQ9A==",
      "license": "MIT"
    },
    "node_modules/@mousetool/nickname801": {
      "version": "1.0.0",
      "resolved": "https://npm.pkg.github.com/download/@mousetool/nickname801/1.0.0/a06105faaee6534248bfd796ad06c22e16429c6a5d71467438ecebc202664520",
      "integrity": "sha512-wwdXGm7s0SwR+vq3OHLaWtAIXJasJfFImlqQTpNYW7ZJTjWNN8ePCqIEEqYDzIJX2v41EdLyWOtkefSs57/FTw==",
      "license": "MIT"
    },
    "node_modules/@mousetool/tfm-vscode": {
      "version": "2.0.0",
      "resolved": "https://npm.pkg.github.com/download/@mousetool/tfm-vscode/2.0.0/25a9c9bf8f57ac950bc236fe5b4c9054630e41a84900057c4f3893e3627225d5",
      "integrity": "sha512-O+cgsBPqbaDhwlY3pWkiIdT6MJBVwjkCKqfc/Lu25habxGlDVHXEH8vH3pAXK7bhjdl0jsbnS81ohjg+7Q8OSw==",
      "dev": true,
      "license": "MIT"
    }
  },
  "dependencies": {
    "@mousetool/class": {
      "version": "1.0.1",
      "resolved": "https://npm.pkg.github.com/download/@mousetool/class/1.0.1/6c327ef42b10d4d3ae5d4dbfa781926d165ca664154c2c7a231cee3e88631559",
      "integrity": "sha512-xySgNeqefYryp3EPmnQXOCpaY1ptomGWzYJjcAV0ztYZNlV2ry8XRyeZ5fU0LvGy0dnoZs3awzwnOApO1PgQ9A=="
    },
    "@mousetool/nickname801": {
      "version": "1.0.0",
      "resolved": "https://npm.pkg.github.com/download/@mousetool/nickname801/1.0.0/a06105faaee6534248bfd796ad06c22e16429c6a5d71467438ecebc202664520",
      "integrity": "sha512-wwdXGm7s0SwR+vq3OHLaWtAIXJasJfFImlqQTpNYW7ZJTjWNN8ePCqIEEqYDzIJX2v41EdLyWOtkefSs57/FTw=="
    },
    "@mousetool/tfm-vscode": {
      "version": "2.0.0",
      "resolved": "https://npm.pkg.github.com/download/@mousetool/tfm-vscode/2.0.0/25a9c9bf8f57ac950bc236fe5b4c9054630e41a84900057c4f3893e3627225d5",
      "integrity": "sha512-O+cgsBPqbaDhwlY3pWkiIdT6MJBVwjkCKqfc/Lu25habxGlDVHXEH8vH3pAXK7bhjdl0jsbnS81ohjg+7Q8OSw==",
      "dev": true
    }
  }
}
